
Microsoft Visual Studio Solution File, Format Version 12.00
# Visual Studio Version 17
VisualStudioVersion = 17.14.37411.7 d17.14
MinimumVisualStudioVersion = 10.0.40219.1
Project("{FAE04EC0-301F-11D3-BF4B-00C04F79EFBC}") = "Day27", "Day27.csproj", "{DBD3F474-265D-43BD-890F-D2393F8709A5}"
EndProject
Global
	GlobalSection(SolutionConfigurationPlatforms) = preSolution
		Debug|Any CPU = Debug|Any CPU
		Release|Any CPU = Release|Any CPU
	EndGlobalSection
	GlobalSection(ProjectConfigurationPlatforms) = postSolution
		{DBD3F474-265D-43BD-890F-D2393F8709A5}.Debug|Any CPU.ActiveCfg = Debug|Any CPU
		{DBD3F474-265D-43BD-890F-D2393F8709A5}.Debug|Any CPU.Build.0 = Debug|Any CPU
		{DBD3F474-265D-43BD-890F-D2393F8709A5}.Release|Any CPU.ActiveCfg = Release|Any CPU
		{DBD3F474-265D-43BD-890F-D2393F8709A5}.Release|Any CPU.Build.0 = Release|Any CPU
	EndGlobalSection
	GlobalSection(SolutionProperties) = preSolution
		HideSolutionNode = FALSE
	EndGlobalSection
	GlobalSection(ExtensibilityGlobals) = postSolution
		SolutionGuid = {DAFC1D9E-BF0F-45E1-9A12-DA482578AC83}
	EndGlobalSection
EndGlobal
