
Microsoft Visual Studio Solution File, Format Version 12.00
# Visual Studio Version 17
VisualStudioVersion = 17.14.37411.7 d17.14
MinimumVisualStudioVersion = 10.0.40219.1
Project("{FAE04EC0-301F-11D3-BF4B-00C04F79EFBC}") = "Day18", "Day18.csproj", "{79301EE9-6516-49EC-9C36-D6B62B2AAAAE}"
EndProject
Global
	GlobalSection(SolutionConfigurationPlatforms) = preSolution
		Debug|Any CPU = Debug|Any CPU
		Release|Any CPU = Release|Any CPU
	EndGlobalSection
	GlobalSection(ProjectConfigurationPlatforms) = postSolution
		{79301EE9-6516-49EC-9C36-D6B62B2AAAAE}.Debug|Any CPU.ActiveCfg = Debug|Any CPU
		{79301EE9-6516-49EC-9C36-D6B62B2AAAAE}.Debug|Any CPU.Build.0 = Debug|Any CPU
		{79301EE9-6516-49EC-9C36-D6B62B2AAAAE}.Release|Any CPU.ActiveCfg = Release|Any CPU
		{79301EE9-6516-49EC-9C36-D6B62B2AAAAE}.Release|Any CPU.Build.0 = Release|Any CPU
	EndGlobalSection
	GlobalSection(SolutionProperties) = preSolution
		HideSolutionNode = FALSE
	EndGlobalSection
	GlobalSection(ExtensibilityGlobals) = postSolution
		SolutionGuid = {EA173564-FB5B-46E8-A5D6-4BA9D136213E}
	EndGlobalSection
EndGlobal
