
Microsoft Visual Studio Solution File, Format Version 12.00
# Visual Studio Version 17
VisualStudioVersion = 17.14.37411.7 d17.14
MinimumVisualStudioVersion = 10.0.40219.1
Project("{FAE04EC0-301F-11D3-BF4B-00C04F79EFBC}") = "Day19_switch", "Day19_switch.csproj", "{E4BC0B75-F2DE-48BF-B7B9-753959AB1BB4}"
EndProject
Global
	GlobalSection(SolutionConfigurationPlatforms) = preSolution
		Debug|Any CPU = Debug|Any CPU
		Release|Any CPU = Release|Any CPU
	EndGlobalSection
	GlobalSection(ProjectConfigurationPlatforms) = postSolution
		{E4BC0B75-F2DE-48BF-B7B9-753959AB1BB4}.Debug|Any CPU.ActiveCfg = Debug|Any CPU
		{E4BC0B75-F2DE-48BF-B7B9-753959AB1BB4}.Debug|Any CPU.Build.0 = Debug|Any CPU
		{E4BC0B75-F2DE-48BF-B7B9-753959AB1BB4}.Release|Any CPU.ActiveCfg = Release|Any CPU
		{E4BC0B75-F2DE-48BF-B7B9-753959AB1BB4}.Release|Any CPU.Build.0 = Release|Any CPU
	EndGlobalSection
	GlobalSection(SolutionProperties) = preSolution
		HideSolutionNode = FALSE
	EndGlobalSection
	GlobalSection(ExtensibilityGlobals) = postSolution
		SolutionGuid = {DD96E74A-6ADA-43DB-BB75-D1D7188A6241}
	EndGlobalSection
EndGlobal
